
Microsoft Visual Studio Solution File, Format Version 12.00
# Visual Studio Version 16
VisualStudioVersion = 16.0.28803.156
MinimumVisualStudioVersion = 10.0.40219.1
Project("{FAE04EC0-301F-11D3-BF4B-00C04F79EFBC}") = "CSharpApplication.v16", "CSharpApplication.v16.csproj", "{9F90AAA6-31AF-447B-BD4D-CC9492B4C093}"
EndProject
Global
	GlobalSection(SolutionConfigurationPlatforms) = preSolution
		Debug|Any CPU = Debug|Any CPU
		Release|Any CPU = Release|Any CPU
	EndGlobalSection
	GlobalSection(ProjectConfigurationPlatforms) = postSolution
		{9F90AAA6-31AF-447B-BD4D-CC9492B4C093}.Debug|Any CPU.ActiveCfg = Debug|Any CPU
		{9F90AAA6-31AF-447B-BD4D-CC9492B4C093}.Debug|Any CPU.Build.0 = Debug|Any CPU
		{9F90AAA6-31AF-447B-BD4D-CC9492B4C093}.Release|Any CPU.ActiveCfg = Release|Any CPU
		{9F90AAA6-31AF-447B-BD4D-CC9492B4C093}.Release|Any CPU.Build.0 = Release|Any CPU
	EndGlobalSection
	GlobalSection(SolutionProperties) = preSolution
		HideSolutionNode = FALSE
	EndGlobalSection
	GlobalSection(ExtensibilityGlobals) = postSolution
		SolutionGuid = {ED438D0F-7208-43FA-8593-DC7677B38F01}
	EndGlobalSection
EndGlobal
