
Microsoft Visual Studio Solution File, Format Version 12.00
# Visual Studio 15
VisualStudioVersion = 15.0.26228.9
MinimumVisualStudioVersion = 10.0.40219.1
Project("{8BC9CEB8-8B4A-11D0-8D11-00A0C91BC942}") = "NURBSCircle.v15", "NURBSCircle.v15.vcxproj", "{E84AB6E6-AFE1-40E2-B643-8A904BCC42A9}"
EndProject
Project("{2150E333-8FDC-42A3-9474-1A3956D46DE8}") = "Required", "Required", "{FA45C722-C825-4FBA-84D9-711CCBC564B2}"
EndProject
Project("{8BC9CEB8-8B4A-11D0-8D11-00A0C91BC942}") = "GTEngine.v15", "..\..\..\GTEngine.v15.vcxproj", "{43A54DE9-1F9B-4BC6-A7BC-C3FD13B2C829}"
EndProject
Global
	GlobalSection(SolutionConfigurationPlatforms) = preSolution
		Debug|x64 = Debug|x64
		Debug|x86 = Debug|x86
		DebugGL4|x64 = DebugGL4|x64
		DebugGL4|x86 = DebugGL4|x86
		Release|x64 = Release|x64
		Release|x86 = Release|x86
		ReleaseGL4|x64 = ReleaseGL4|x64
		ReleaseGL4|x86 = ReleaseGL4|x86
	EndGlobalSection
	GlobalSection(ProjectConfigurationPlatforms) = postSolution
		{E84AB6E6-AFE1-40E2-B643-8A904BCC42A9}.Debug|x64.ActiveCfg = Debug|x64
		{E84AB6E6-AFE1-40E2-B643-8A904BCC42A9}.Debug|x64.Build.0 = Debug|x64
		{E84AB6E6-AFE1-40E2-B643-8A904BCC42A9}.Debug|x86.ActiveCfg = Debug|Win32
		{E84AB6E6-AFE1-40E2-B643-8A904BCC42A9}.Debug|x86.Build.0 = Debug|Win32
		{E84AB6E6-AFE1-40E2-B643-8A904BCC42A9}.DebugGL4|x64.ActiveCfg = DebugGL4|x64
		{E84AB6E6-AFE1-40E2-B643-8A904BCC42A9}.DebugGL4|x64.Build.0 = DebugGL4|x64
		{E84AB6E6-AFE1-40E2-B643-8A904BCC42A9}.DebugGL4|x86.ActiveCfg = DebugGL4|Win32
		{E84AB6E6-AFE1-40E2-B643-8A904BCC42A9}.DebugGL4|x86.Build.0 = DebugGL4|Win32
		{E84AB6E6-AFE1-40E2-B643-8A904BCC42A9}.Release|x64.ActiveCfg = Release|x64
		{E84AB6E6-AFE1-40E2-B643-8A904BCC42A9}.Release|x64.Build.0 = Release|x64
		{E84AB6E6-AFE1-40E2-B643-8A904BCC42A9}.Release|x86.ActiveCfg = Release|Win32
		{E84AB6E6-AFE1-40E2-B643-8A904BCC42A9}.Release|x86.Build.0 = Release|Win32
		{E84AB6E6-AFE1-40E2-B643-8A904BCC42A9}.ReleaseGL4|x64.ActiveCfg = ReleaseGL4|x64
		{E84AB6E6-AFE1-40E2-B643-8A904BCC42A9}.ReleaseGL4|x64.Build.0 = ReleaseGL4|x64
		{E84AB6E6-AFE1-40E2-B643-8A904BCC42A9}.ReleaseGL4|x86.ActiveCfg = ReleaseGL4|Win32
		{E84AB6E6-AFE1-40E2-B643-8A904BCC42A9}.ReleaseGL4|x86.Build.0 = ReleaseGL4|Win32
		{43A54DE9-1F9B-4BC6-A7BC-C3FD13B2C829}.Debug|x64.ActiveCfg = Debug|x64
		{43A54DE9-1F9B-4BC6-A7BC-C3FD13B2C829}.Debug|x64.Build.0 = Debug|x64
		{43A54DE9-1F9B-4BC6-A7BC-C3FD13B2C829}.Debug|x86.ActiveCfg = Debug|Win32
		{43A54DE9-1F9B-4BC6-A7BC-C3FD13B2C829}.Debug|x86.Build.0 = Debug|Win32
		{43A54DE9-1F9B-4BC6-A7BC-C3FD13B2C829}.DebugGL4|x64.ActiveCfg = DebugGL4|x64
		{43A54DE9-1F9B-4BC6-A7BC-C3FD13B2C829}.DebugGL4|x64.Build.0 = DebugGL4|x64
		{43A54DE9-1F9B-4BC6-A7BC-C3FD13B2C829}.DebugGL4|x86.ActiveCfg = DebugGL4|Win32
		{43A54DE9-1F9B-4BC6-A7BC-C3FD13B2C829}.DebugGL4|x86.Build.0 = DebugGL4|Win32
		{43A54DE9-1F9B-4BC6-A7BC-C3FD13B2C829}.Release|x64.ActiveCfg = Release|x64
		{43A54DE9-1F9B-4BC6-A7BC-C3FD13B2C829}.Release|x64.Build.0 = Release|x64
		{43A54DE9-1F9B-4BC6-A7BC-C3FD13B2C829}.Release|x86.ActiveCfg = Release|Win32
		{43A54DE9-1F9B-4BC6-A7BC-C3FD13B2C829}.Release|x86.Build.0 = Release|Win32
		{43A54DE9-1F9B-4BC6-A7BC-C3FD13B2C829}.ReleaseGL4|x64.ActiveCfg = ReleaseGL4|x64
		{43A54DE9-1F9B-4BC6-A7BC-C3FD13B2C829}.ReleaseGL4|x64.Build.0 = ReleaseGL4|x64
		{43A54DE9-1F9B-4BC6-A7BC-C3FD13B2C829}.ReleaseGL4|x86.ActiveCfg = ReleaseGL4|Win32
		{43A54DE9-1F9B-4BC6-A7BC-C3FD13B2C829}.ReleaseGL4|x86.Build.0 = ReleaseGL4|Win32
	EndGlobalSection
	GlobalSection(SolutionProperties) = preSolution
		HideSolutionNode = FALSE
	EndGlobalSection
	GlobalSection(NestedProjects) = preSolution
		{43A54DE9-1F9B-4BC6-A7BC-C3FD13B2C829} = {FA45C722-C825-4FBA-84D9-711CCBC564B2}
	EndGlobalSection
	GlobalSection(ExtensibilityGlobals) = postSolution
		SolutionGuid = {2940DBC0-9D94-42BB-AD57-CCE15D494036}
	EndGlobalSection
EndGlobal
