<?xml version="1.0" encoding="utf-8"?>
<Project ToolsVersion="4.0" xmlns="http://schemas.microsoft.com/developer/msbuild/2003">
  <ItemGroup>
    <Filter Include="Source Files">
      <UniqueIdentifier>{4FC737F1-C7A5-4376-A066-2A32D752A2FF}</UniqueIdentifier>
      <Extensions>cpp;c;cc;cxx;def;odl;idl;hpj;bat;asm;asmx</Extensions>
    </Filter>
    <Filter Include="Header Files">
      <UniqueIdentifier>{93995380-89BD-4b04-88EB-625FBE52EBFB}</UniqueIdentifier>
      <Extensions>h;hh;hpp;hxx;hm;inl;inc;xsd</Extensions>
    </Filter>
    <Filter Include="Shader Files">
      <UniqueIdentifier>{ccde63c2-bfc4-4f39-9095-af4583ec663f}</UniqueIdentifier>
    </Filter>
  </ItemGroup>
  <ItemGroup>
    <ClCompile Include="ContourEdgesWindow.cpp">
      <Filter>Source Files</Filter>
    </ClCompile>
    <ClCompile Include="ContourDrawerEffect.cpp">
      <Filter>Source Files</Filter>
    </ClCompile>
    <ClCompile Include="ContourFinderEffect.cpp">
      <Filter>Source Files</Filter>
    </ClCompile>
  </ItemGroup>
  <ItemGroup>
    <ClInclude Include="ContourEdgesWindow.h">
      <Filter>Header Files</Filter>
    </ClInclude>
    <ClInclude Include="ContourDrawerEffect.h">
      <Filter>Header Files</Filter>
    </ClInclude>
    <ClInclude Include="ContourFinderEffect.h">
      <Filter>Header Files</Filter>
    </ClInclude>
  </ItemGroup>
  <ItemGroup>
    <FxCompile Include="Shaders\ContourFinder_gs.hlsl">
      <Filter>Shader Files</Filter>
    </FxCompile>
    <FxCompile Include="Shaders\ContourFinder_ps.hlsl">
      <Filter>Shader Files</Filter>
    </FxCompile>
    <FxCompile Include="Shaders\ContourFinder_vs.hlsl">
      <Filter>Shader Files</Filter>
    </FxCompile>
    <FxCompile Include="Shaders\ContourDrawer_gs.hlsl">
      <Filter>Shader Files</Filter>
    </FxCompile>
    <FxCompile Include="Shaders\ContourDrawer_ps.hlsl">
      <Filter>Shader Files</Filter>
    </FxCompile>
    <FxCompile Include="Shaders\ContourDrawer_vs.hlsl">
      <Filter>Shader Files</Filter>
    </FxCompile>
  </ItemGroup>
</Project>