
Microsoft Visual Studio Solution File, Format Version 12.00
# Visual Studio 14
VisualStudioVersion = 14.0.23107.1
MinimumVisualStudioVersion = 10.0.40219.1
Project("{8BC9CEB8-8B4A-11D0-8D11-00A0C91BC942}") = "ThinPlateSplines.v14", "ThinPlateSplines.v14.vcxproj", "{37b47ddc-11f7-4b61-a907-02e75060a645}"
EndProject
Project("{2150E333-8FDC-42A3-9474-1A3956D46DE8}") = "Required", "Required", "{b54c04c7-67f0-49c6-9832-d2f11e6f099c}"
EndProject
Project("{8BC9CEB8-8B4A-11D0-8D11-00A0C91BC942}") = "GTEngine.v14", "..\..\..\GTEngine.v14.vcxproj", "{43A54DE9-1F9B-4BC6-A7BC-C3FD13B2C829}"
EndProject
Global
	GlobalSection(SolutionConfigurationPlatforms) = preSolution
		Debug|x86 = Debug|x86
		Debug|x64 = Debug|x64
		DebugGL4|x86 = DebugGL4|x86
		DebugGL4|x64 = DebugGL4|x64
		Release|x86 = Release|x86
		Release|x64 = Release|x64
		ReleaseGL4|x86 = ReleaseGL4|x86
		ReleaseGL4|x64 = ReleaseGL4|x64
	EndGlobalSection
	GlobalSection(ProjectConfigurationPlatforms) = postSolution
		{37b47ddc-11f7-4b61-a907-02e75060a645}.Debug|x64.ActiveCfg = Debug|x64
		{37b47ddc-11f7-4b61-a907-02e75060a645}.Debug|x64.Build.0 = Debug|x64
		{37b47ddc-11f7-4b61-a907-02e75060a645}.Debug|x86.ActiveCfg = Debug|Win32
		{37b47ddc-11f7-4b61-a907-02e75060a645}.Debug|x86.Build.0 = Debug|Win32
		{37b47ddc-11f7-4b61-a907-02e75060a645}.DebugGL4|x64.ActiveCfg = DebugGL4|x64
		{37b47ddc-11f7-4b61-a907-02e75060a645}.DebugGL4|x64.Build.0 = DebugGL4|x64
		{37b47ddc-11f7-4b61-a907-02e75060a645}.DebugGL4|x86.ActiveCfg = DebugGL4|Win32
		{37b47ddc-11f7-4b61-a907-02e75060a645}.DebugGL4|x86.Build.0 = DebugGL4|Win32
		{37b47ddc-11f7-4b61-a907-02e75060a645}.Release|x64.ActiveCfg = Release|x64
		{37b47ddc-11f7-4b61-a907-02e75060a645}.Release|x64.Build.0 = Release|x64
		{37b47ddc-11f7-4b61-a907-02e75060a645}.Release|x86.ActiveCfg = Release|Win32
		{37b47ddc-11f7-4b61-a907-02e75060a645}.Release|x86.Build.0 = Release|Win32
		{37b47ddc-11f7-4b61-a907-02e75060a645}.ReleaseGL4|x64.ActiveCfg = ReleaseGL4|x64
		{37b47ddc-11f7-4b61-a907-02e75060a645}.ReleaseGL4|x64.Build.0 = ReleaseGL4|x64
		{37b47ddc-11f7-4b61-a907-02e75060a645}.ReleaseGL4|x86.ActiveCfg = ReleaseGL4|Win32
		{37b47ddc-11f7-4b61-a907-02e75060a645}.ReleaseGL4|x86.Build.0 = ReleaseGL4|Win32
		{43A54DE9-1F9B-4BC6-A7BC-C3FD13B2C829}.Debug|x64.ActiveCfg = Debug|x64
		{43A54DE9-1F9B-4BC6-A7BC-C3FD13B2C829}.Debug|x64.Build.0 = Debug|x64
		{43A54DE9-1F9B-4BC6-A7BC-C3FD13B2C829}.Debug|x86.ActiveCfg = Debug|Win32
		{43A54DE9-1F9B-4BC6-A7BC-C3FD13B2C829}.Debug|x86.Build.0 = Debug|Win32
		{43A54DE9-1F9B-4BC6-A7BC-C3FD13B2C829}.DebugGL4|x64.ActiveCfg = DebugGL4|x64
		{43A54DE9-1F9B-4BC6-A7BC-C3FD13B2C829}.DebugGL4|x64.Build.0 = DebugGL4|x64
		{43A54DE9-1F9B-4BC6-A7BC-C3FD13B2C829}.DebugGL4|x86.ActiveCfg = DebugGL4|Win32
		{43A54DE9-1F9B-4BC6-A7BC-C3FD13B2C829}.DebugGL4|x86.Build.0 = DebugGL4|Win32
		{43A54DE9-1F9B-4BC6-A7BC-C3FD13B2C829}.Release|x64.ActiveCfg = Release|x64
		{43A54DE9-1F9B-4BC6-A7BC-C3FD13B2C829}.Release|x64.Build.0 = Release|x64
		{43A54DE9-1F9B-4BC6-A7BC-C3FD13B2C829}.Release|x86.ActiveCfg = Release|Win32
		{43A54DE9-1F9B-4BC6-A7BC-C3FD13B2C829}.Release|x86.Build.0 = Release|Win32
		{43A54DE9-1F9B-4BC6-A7BC-C3FD13B2C829}.ReleaseGL4|x64.ActiveCfg = ReleaseGL4|x64
		{43A54DE9-1F9B-4BC6-A7BC-C3FD13B2C829}.ReleaseGL4|x64.Build.0 = ReleaseGL4|x64
		{43A54DE9-1F9B-4BC6-A7BC-C3FD13B2C829}.ReleaseGL4|x86.ActiveCfg = ReleaseGL4|Win32
		{43A54DE9-1F9B-4BC6-A7BC-C3FD13B2C829}.ReleaseGL4|x86.Build.0 = ReleaseGL4|Win32
	EndGlobalSection
	GlobalSection(SolutionProperties) = preSolution
		HideSolutionNode = FALSE
	EndGlobalSection
	GlobalSection(NestedProjects) = preSolution
		{43A54DE9-1F9B-4BC6-A7BC-C3FD13B2C829} = {b54c04c7-67f0-49c6-9832-d2f11e6f099c}
	EndGlobalSection
EndGlobal
