
Microsoft Visual Studio Solution File, Format Version 12.00
# Visual Studio Version 16
VisualStudioVersion = 16.0.28803.156
MinimumVisualStudioVersion = 10.0.40219.1
Project("{8BC9CEB8-8B4A-11D0-8D11-00A0C91BC942}") = "FitCone.v16", "FitCone.v16.vcxproj", "{1F2A0910-E907-4691-A0CF-9EA0B3CF2049}"
EndProject
Project("{2150E333-8FDC-42A3-9474-1A3956D46DE8}") = "Required", "Required", "{0AE86E0C-574A-414C-B3E4-1F199D0DE47C}"
EndProject
Project("{8BC9CEB8-8B4A-11D0-8D11-00A0C91BC942}") = "GTEngine.v16", "..\..\..\GTEngine.v16.vcxproj", "{43A54DE9-1F9B-4BC6-A7BC-C3FD13B2C829}"
EndProject
Global
	GlobalSection(SolutionConfigurationPlatforms) = preSolution
		Debug|x64 = Debug|x64
		Debug|x86 = Debug|x86
		DebugGL4|x64 = DebugGL4|x64
		DebugGL4|x86 = DebugGL4|x86
		Release|x64 = Release|x64
		Release|x86 = Release|x86
		ReleaseGL4|x64 = ReleaseGL4|x64
		ReleaseGL4|x86 = ReleaseGL4|x86
	EndGlobalSection
	GlobalSection(ProjectConfigurationPlatforms) = postSolution
		{1F2A0910-E907-4691-A0CF-9EA0B3CF2049}.Debug|x64.ActiveCfg = Debug|x64
		{1F2A0910-E907-4691-A0CF-9EA0B3CF2049}.Debug|x64.Build.0 = Debug|x64
		{1F2A0910-E907-4691-A0CF-9EA0B3CF2049}.Debug|x86.ActiveCfg = Debug|Win32
		{1F2A0910-E907-4691-A0CF-9EA0B3CF2049}.Debug|x86.Build.0 = Debug|Win32
		{1F2A0910-E907-4691-A0CF-9EA0B3CF2049}.DebugGL4|x64.ActiveCfg = DebugGL4|x64
		{1F2A0910-E907-4691-A0CF-9EA0B3CF2049}.DebugGL4|x64.Build.0 = DebugGL4|x64
		{1F2A0910-E907-4691-A0CF-9EA0B3CF2049}.DebugGL4|x86.ActiveCfg = DebugGL4|Win32
		{1F2A0910-E907-4691-A0CF-9EA0B3CF2049}.DebugGL4|x86.Build.0 = DebugGL4|Win32
		{1F2A0910-E907-4691-A0CF-9EA0B3CF2049}.Release|x64.ActiveCfg = Release|x64
		{1F2A0910-E907-4691-A0CF-9EA0B3CF2049}.Release|x64.Build.0 = Release|x64
		{1F2A0910-E907-4691-A0CF-9EA0B3CF2049}.Release|x86.ActiveCfg = Release|Win32
		{1F2A0910-E907-4691-A0CF-9EA0B3CF2049}.Release|x86.Build.0 = Release|Win32
		{1F2A0910-E907-4691-A0CF-9EA0B3CF2049}.ReleaseGL4|x64.ActiveCfg = ReleaseGL4|x64
		{1F2A0910-E907-4691-A0CF-9EA0B3CF2049}.ReleaseGL4|x64.Build.0 = ReleaseGL4|x64
		{1F2A0910-E907-4691-A0CF-9EA0B3CF2049}.ReleaseGL4|x86.ActiveCfg = ReleaseGL4|Win32
		{1F2A0910-E907-4691-A0CF-9EA0B3CF2049}.ReleaseGL4|x86.Build.0 = ReleaseGL4|Win32
		{43A54DE9-1F9B-4BC6-A7BC-C3FD13B2C829}.Debug|x64.ActiveCfg = Debug|x64
		{43A54DE9-1F9B-4BC6-A7BC-C3FD13B2C829}.Debug|x64.Build.0 = Debug|x64
		{43A54DE9-1F9B-4BC6-A7BC-C3FD13B2C829}.Debug|x86.ActiveCfg = Debug|Win32
		{43A54DE9-1F9B-4BC6-A7BC-C3FD13B2C829}.Debug|x86.Build.0 = Debug|Win32
		{43A54DE9-1F9B-4BC6-A7BC-C3FD13B2C829}.DebugGL4|x64.ActiveCfg = DebugGL4|x64
		{43A54DE9-1F9B-4BC6-A7BC-C3FD13B2C829}.DebugGL4|x64.Build.0 = DebugGL4|x64
		{43A54DE9-1F9B-4BC6-A7BC-C3FD13B2C829}.DebugGL4|x86.ActiveCfg = DebugGL4|Win32
		{43A54DE9-1F9B-4BC6-A7BC-C3FD13B2C829}.DebugGL4|x86.Build.0 = DebugGL4|Win32
		{43A54DE9-1F9B-4BC6-A7BC-C3FD13B2C829}.Release|x64.ActiveCfg = Release|x64
		{43A54DE9-1F9B-4BC6-A7BC-C3FD13B2C829}.Release|x64.Build.0 = Release|x64
		{43A54DE9-1F9B-4BC6-A7BC-C3FD13B2C829}.Release|x86.ActiveCfg = Release|Win32
		{43A54DE9-1F9B-4BC6-A7BC-C3FD13B2C829}.Release|x86.Build.0 = Release|Win32
		{43A54DE9-1F9B-4BC6-A7BC-C3FD13B2C829}.ReleaseGL4|x64.ActiveCfg = ReleaseGL4|x64
		{43A54DE9-1F9B-4BC6-A7BC-C3FD13B2C829}.ReleaseGL4|x64.Build.0 = ReleaseGL4|x64
		{43A54DE9-1F9B-4BC6-A7BC-C3FD13B2C829}.ReleaseGL4|x86.ActiveCfg = ReleaseGL4|Win32
		{43A54DE9-1F9B-4BC6-A7BC-C3FD13B2C829}.ReleaseGL4|x86.Build.0 = ReleaseGL4|Win32
	EndGlobalSection
	GlobalSection(SolutionProperties) = preSolution
		HideSolutionNode = FALSE
	EndGlobalSection
	GlobalSection(NestedProjects) = preSolution
		{43A54DE9-1F9B-4BC6-A7BC-C3FD13B2C829} = {0AE86E0C-574A-414C-B3E4-1F199D0DE47C}
	EndGlobalSection
	GlobalSection(ExtensibilityGlobals) = postSolution
		SolutionGuid = {F82D73B8-7193-4C37-B766-411F62908003}
	EndGlobalSection
EndGlobal
