
Microsoft Visual Studio Solution File, Format Version 12.00
# Visual Studio 14
VisualStudioVersion = 14.0.25420.1
MinimumVisualStudioVersion = 10.0.40219.1
Project("{8BC9CEB8-8B4A-11D0-8D11-00A0C91BC942}") = "GTEngine.v14", "..\..\GTEngine.v14.vcxproj", "{43A54DE9-1F9B-4BC6-A7BC-C3FD13B2C829}"
EndProject
Project("{8BC9CEB8-8B4A-11D0-8D11-00A0C91BC942}") = "CppLibrary.v14", "CppLibrary\CppLibrary.v14.vcxproj", "{5BE042A9-D2A1-4ABD-A681-F54D2B10BC51}"
EndProject
Project("{8BC9CEB8-8B4A-11D0-8D11-00A0C91BC942}") = "ManagedLibrary.v14", "ManagedLibrary\ManagedLibrary.v14.vcxproj", "{336F5CFD-5383-433D-A70A-6DADC8CCB4C6}"
EndProject
Project("{FAE04EC0-301F-11D3-BF4B-00C04F79EFBC}") = "CSharpApplication.v14", "CSharpApplication\CSharpApplication.v14.csproj", "{E932A3A6-B58C-4D74-B9FA-8EBBD86D1A68}"
EndProject
Global
	GlobalSection(SolutionConfigurationPlatforms) = preSolution
		Debug|Any CPU = Debug|Any CPU
		Debug|x64 = Debug|x64
		Debug|x86 = Debug|x86
		DebugGL4|Any CPU = DebugGL4|Any CPU
		DebugGL4|x64 = DebugGL4|x64
		DebugGL4|x86 = DebugGL4|x86
		Release|Any CPU = Release|Any CPU
		Release|x64 = Release|x64
		Release|x86 = Release|x86
		ReleaseGL4|Any CPU = ReleaseGL4|Any CPU
		ReleaseGL4|x64 = ReleaseGL4|x64
		ReleaseGL4|x86 = ReleaseGL4|x86
	EndGlobalSection
	GlobalSection(ProjectConfigurationPlatforms) = postSolution
		{43A54DE9-1F9B-4BC6-A7BC-C3FD13B2C829}.Debug|Any CPU.ActiveCfg = Debug|Win32
		{43A54DE9-1F9B-4BC6-A7BC-C3FD13B2C829}.Debug|x64.ActiveCfg = Debug|x64
		{43A54DE9-1F9B-4BC6-A7BC-C3FD13B2C829}.Debug|x64.Build.0 = Debug|x64
		{43A54DE9-1F9B-4BC6-A7BC-C3FD13B2C829}.Debug|x86.ActiveCfg = Debug|Win32
		{43A54DE9-1F9B-4BC6-A7BC-C3FD13B2C829}.Debug|x86.Build.0 = Debug|Win32
		{43A54DE9-1F9B-4BC6-A7BC-C3FD13B2C829}.DebugGL4|Any CPU.ActiveCfg = DebugGL4|Win32
		{43A54DE9-1F9B-4BC6-A7BC-C3FD13B2C829}.DebugGL4|x64.ActiveCfg = DebugGL4|x64
		{43A54DE9-1F9B-4BC6-A7BC-C3FD13B2C829}.DebugGL4|x64.Build.0 = DebugGL4|x64
		{43A54DE9-1F9B-4BC6-A7BC-C3FD13B2C829}.DebugGL4|x86.ActiveCfg = DebugGL4|Win32
		{43A54DE9-1F9B-4BC6-A7BC-C3FD13B2C829}.DebugGL4|x86.Build.0 = DebugGL4|Win32
		{43A54DE9-1F9B-4BC6-A7BC-C3FD13B2C829}.Release|Any CPU.ActiveCfg = Release|Win32
		{43A54DE9-1F9B-4BC6-A7BC-C3FD13B2C829}.Release|x64.ActiveCfg = Release|x64
		{43A54DE9-1F9B-4BC6-A7BC-C3FD13B2C829}.Release|x64.Build.0 = Release|x64
		{43A54DE9-1F9B-4BC6-A7BC-C3FD13B2C829}.Release|x86.ActiveCfg = Release|Win32
		{43A54DE9-1F9B-4BC6-A7BC-C3FD13B2C829}.Release|x86.Build.0 = Release|Win32
		{43A54DE9-1F9B-4BC6-A7BC-C3FD13B2C829}.ReleaseGL4|Any CPU.ActiveCfg = ReleaseGL4|Win32
		{43A54DE9-1F9B-4BC6-A7BC-C3FD13B2C829}.ReleaseGL4|x64.ActiveCfg = ReleaseGL4|x64
		{43A54DE9-1F9B-4BC6-A7BC-C3FD13B2C829}.ReleaseGL4|x64.Build.0 = ReleaseGL4|x64
		{43A54DE9-1F9B-4BC6-A7BC-C3FD13B2C829}.ReleaseGL4|x86.ActiveCfg = ReleaseGL4|Win32
		{43A54DE9-1F9B-4BC6-A7BC-C3FD13B2C829}.ReleaseGL4|x86.Build.0 = ReleaseGL4|Win32
		{5BE042A9-D2A1-4ABD-A681-F54D2B10BC51}.Debug|Any CPU.ActiveCfg = Debug|Win32
		{5BE042A9-D2A1-4ABD-A681-F54D2B10BC51}.Debug|x64.ActiveCfg = Debug|x64
		{5BE042A9-D2A1-4ABD-A681-F54D2B10BC51}.Debug|x64.Build.0 = Debug|x64
		{5BE042A9-D2A1-4ABD-A681-F54D2B10BC51}.Debug|x86.ActiveCfg = Debug|Win32
		{5BE042A9-D2A1-4ABD-A681-F54D2B10BC51}.Debug|x86.Build.0 = Debug|Win32
		{5BE042A9-D2A1-4ABD-A681-F54D2B10BC51}.DebugGL4|Any CPU.ActiveCfg = Release|x64
		{5BE042A9-D2A1-4ABD-A681-F54D2B10BC51}.DebugGL4|Any CPU.Build.0 = Release|x64
		{5BE042A9-D2A1-4ABD-A681-F54D2B10BC51}.DebugGL4|x64.ActiveCfg = Debug|x64
		{5BE042A9-D2A1-4ABD-A681-F54D2B10BC51}.DebugGL4|x64.Build.0 = Debug|x64
		{5BE042A9-D2A1-4ABD-A681-F54D2B10BC51}.DebugGL4|x86.ActiveCfg = Debug|Win32
		{5BE042A9-D2A1-4ABD-A681-F54D2B10BC51}.DebugGL4|x86.Build.0 = Debug|Win32
		{5BE042A9-D2A1-4ABD-A681-F54D2B10BC51}.Release|Any CPU.ActiveCfg = Release|Win32
		{5BE042A9-D2A1-4ABD-A681-F54D2B10BC51}.Release|x64.ActiveCfg = Release|x64
		{5BE042A9-D2A1-4ABD-A681-F54D2B10BC51}.Release|x64.Build.0 = Release|x64
		{5BE042A9-D2A1-4ABD-A681-F54D2B10BC51}.Release|x86.ActiveCfg = Release|Win32
		{5BE042A9-D2A1-4ABD-A681-F54D2B10BC51}.Release|x86.Build.0 = Release|Win32
		{5BE042A9-D2A1-4ABD-A681-F54D2B10BC51}.ReleaseGL4|Any CPU.ActiveCfg = Release|x64
		{5BE042A9-D2A1-4ABD-A681-F54D2B10BC51}.ReleaseGL4|Any CPU.Build.0 = Release|x64
		{5BE042A9-D2A1-4ABD-A681-F54D2B10BC51}.ReleaseGL4|x64.ActiveCfg = Release|x64
		{5BE042A9-D2A1-4ABD-A681-F54D2B10BC51}.ReleaseGL4|x64.Build.0 = Release|x64
		{5BE042A9-D2A1-4ABD-A681-F54D2B10BC51}.ReleaseGL4|x86.ActiveCfg = Release|Win32
		{5BE042A9-D2A1-4ABD-A681-F54D2B10BC51}.ReleaseGL4|x86.Build.0 = Release|Win32
		{336F5CFD-5383-433D-A70A-6DADC8CCB4C6}.Debug|Any CPU.ActiveCfg = Debug|Win32
		{336F5CFD-5383-433D-A70A-6DADC8CCB4C6}.Debug|x64.ActiveCfg = Debug|x64
		{336F5CFD-5383-433D-A70A-6DADC8CCB4C6}.Debug|x64.Build.0 = Debug|x64
		{336F5CFD-5383-433D-A70A-6DADC8CCB4C6}.Debug|x86.ActiveCfg = Debug|Win32
		{336F5CFD-5383-433D-A70A-6DADC8CCB4C6}.Debug|x86.Build.0 = Debug|Win32
		{336F5CFD-5383-433D-A70A-6DADC8CCB4C6}.DebugGL4|Any CPU.ActiveCfg = Release|x64
		{336F5CFD-5383-433D-A70A-6DADC8CCB4C6}.DebugGL4|Any CPU.Build.0 = Release|x64
		{336F5CFD-5383-433D-A70A-6DADC8CCB4C6}.DebugGL4|x64.ActiveCfg = Debug|x64
		{336F5CFD-5383-433D-A70A-6DADC8CCB4C6}.DebugGL4|x64.Build.0 = Debug|x64
		{336F5CFD-5383-433D-A70A-6DADC8CCB4C6}.DebugGL4|x86.ActiveCfg = Debug|Win32
		{336F5CFD-5383-433D-A70A-6DADC8CCB4C6}.DebugGL4|x86.Build.0 = Debug|Win32
		{336F5CFD-5383-433D-A70A-6DADC8CCB4C6}.Release|Any CPU.ActiveCfg = Release|Win32
		{336F5CFD-5383-433D-A70A-6DADC8CCB4C6}.Release|x64.ActiveCfg = Release|x64
		{336F5CFD-5383-433D-A70A-6DADC8CCB4C6}.Release|x64.Build.0 = Release|x64
		{336F5CFD-5383-433D-A70A-6DADC8CCB4C6}.Release|x86.ActiveCfg = Release|Win32
		{336F5CFD-5383-433D-A70A-6DADC8CCB4C6}.Release|x86.Build.0 = Release|Win32
		{336F5CFD-5383-433D-A70A-6DADC8CCB4C6}.ReleaseGL4|Any CPU.ActiveCfg = Release|x64
		{336F5CFD-5383-433D-A70A-6DADC8CCB4C6}.ReleaseGL4|Any CPU.Build.0 = Release|x64
		{336F5CFD-5383-433D-A70A-6DADC8CCB4C6}.ReleaseGL4|x64.ActiveCfg = Release|x64
		{336F5CFD-5383-433D-A70A-6DADC8CCB4C6}.ReleaseGL4|x64.Build.0 = Release|x64
		{336F5CFD-5383-433D-A70A-6DADC8CCB4C6}.ReleaseGL4|x86.ActiveCfg = Release|Win32
		{336F5CFD-5383-433D-A70A-6DADC8CCB4C6}.ReleaseGL4|x86.Build.0 = Release|Win32
		{E932A3A6-B58C-4D74-B9FA-8EBBD86D1A68}.Debug|Any CPU.ActiveCfg = Debug|Any CPU
		{E932A3A6-B58C-4D74-B9FA-8EBBD86D1A68}.Debug|Any CPU.Build.0 = Debug|Any CPU
		{E932A3A6-B58C-4D74-B9FA-8EBBD86D1A68}.Debug|x64.ActiveCfg = Debug|Any CPU
		{E932A3A6-B58C-4D74-B9FA-8EBBD86D1A68}.Debug|x64.Build.0 = Debug|Any CPU
		{E932A3A6-B58C-4D74-B9FA-8EBBD86D1A68}.Debug|x86.ActiveCfg = Debug|Any CPU
		{E932A3A6-B58C-4D74-B9FA-8EBBD86D1A68}.Debug|x86.Build.0 = Debug|Any CPU
		{E932A3A6-B58C-4D74-B9FA-8EBBD86D1A68}.DebugGL4|Any CPU.ActiveCfg = Debug|Any CPU
		{E932A3A6-B58C-4D74-B9FA-8EBBD86D1A68}.DebugGL4|Any CPU.Build.0 = Debug|Any CPU
		{E932A3A6-B58C-4D74-B9FA-8EBBD86D1A68}.DebugGL4|x64.ActiveCfg = Debug|Any CPU
		{E932A3A6-B58C-4D74-B9FA-8EBBD86D1A68}.DebugGL4|x64.Build.0 = Debug|Any CPU
		{E932A3A6-B58C-4D74-B9FA-8EBBD86D1A68}.DebugGL4|x86.ActiveCfg = Debug|Any CPU
		{E932A3A6-B58C-4D74-B9FA-8EBBD86D1A68}.DebugGL4|x86.Build.0 = Debug|Any CPU
		{E932A3A6-B58C-4D74-B9FA-8EBBD86D1A68}.Release|Any CPU.ActiveCfg = Release|Any CPU
		{E932A3A6-B58C-4D74-B9FA-8EBBD86D1A68}.Release|Any CPU.Build.0 = Release|Any CPU
		{E932A3A6-B58C-4D74-B9FA-8EBBD86D1A68}.Release|x64.ActiveCfg = Release|Any CPU
		{E932A3A6-B58C-4D74-B9FA-8EBBD86D1A68}.Release|x64.Build.0 = Release|Any CPU
		{E932A3A6-B58C-4D74-B9FA-8EBBD86D1A68}.Release|x86.ActiveCfg = Release|Any CPU
		{E932A3A6-B58C-4D74-B9FA-8EBBD86D1A68}.Release|x86.Build.0 = Release|Any CPU
		{E932A3A6-B58C-4D74-B9FA-8EBBD86D1A68}.ReleaseGL4|Any CPU.ActiveCfg = Release|Any CPU
		{E932A3A6-B58C-4D74-B9FA-8EBBD86D1A68}.ReleaseGL4|Any CPU.Build.0 = Release|Any CPU
		{E932A3A6-B58C-4D74-B9FA-8EBBD86D1A68}.ReleaseGL4|x64.ActiveCfg = Release|Any CPU
		{E932A3A6-B58C-4D74-B9FA-8EBBD86D1A68}.ReleaseGL4|x64.Build.0 = Release|Any CPU
		{E932A3A6-B58C-4D74-B9FA-8EBBD86D1A68}.ReleaseGL4|x86.ActiveCfg = Release|Any CPU
		{E932A3A6-B58C-4D74-B9FA-8EBBD86D1A68}.ReleaseGL4|x86.Build.0 = Release|Any CPU
	EndGlobalSection
	GlobalSection(SolutionProperties) = preSolution
		HideSolutionNode = FALSE
	EndGlobalSection
EndGlobal
