
Microsoft Visual Studio Solution File, Format Version 12.00
# Visual Studio Version 16
VisualStudioVersion = 16.0.28803.156
MinimumVisualStudioVersion = 10.0.40219.1
Project("{8BC9CEB8-8B4A-11D0-8D11-00A0C91BC942}") = "IntersectTriangles2D.v16", "IntersectTriangles2D.v16.vcxproj", "{F5EBFEEE-BEE7-4F6B-B835-29E95F90336D}"
EndProject
Project("{2150E333-8FDC-42A3-9474-1A3956D46DE8}") = "Required", "Required", "{A1BF32D8-D20F-498B-9AA4-F2C8A8C1DE0C}"
EndProject
Project("{8BC9CEB8-8B4A-11D0-8D11-00A0C91BC942}") = "GTEngine.v16", "..\..\..\GTEngine.v16.vcxproj", "{43A54DE9-1F9B-4BC6-A7BC-C3FD13B2C829}"
EndProject
Global
	GlobalSection(SolutionConfigurationPlatforms) = preSolution
		Debug|x64 = Debug|x64
		Debug|x86 = Debug|x86
		DebugGL4|x64 = DebugGL4|x64
		DebugGL4|x86 = DebugGL4|x86
		Release|x64 = Release|x64
		Release|x86 = Release|x86
		ReleaseGL4|x64 = ReleaseGL4|x64
		ReleaseGL4|x86 = ReleaseGL4|x86
	EndGlobalSection
	GlobalSection(ProjectConfigurationPlatforms) = postSolution
		{F5EBFEEE-BEE7-4F6B-B835-29E95F90336D}.Debug|x64.ActiveCfg = Debug|x64
		{F5EBFEEE-BEE7-4F6B-B835-29E95F90336D}.Debug|x64.Build.0 = Debug|x64
		{F5EBFEEE-BEE7-4F6B-B835-29E95F90336D}.Debug|x86.ActiveCfg = Debug|Win32
		{F5EBFEEE-BEE7-4F6B-B835-29E95F90336D}.Debug|x86.Build.0 = Debug|Win32
		{F5EBFEEE-BEE7-4F6B-B835-29E95F90336D}.DebugGL4|x64.ActiveCfg = DebugGL4|x64
		{F5EBFEEE-BEE7-4F6B-B835-29E95F90336D}.DebugGL4|x64.Build.0 = DebugGL4|x64
		{F5EBFEEE-BEE7-4F6B-B835-29E95F90336D}.DebugGL4|x86.ActiveCfg = DebugGL4|Win32
		{F5EBFEEE-BEE7-4F6B-B835-29E95F90336D}.DebugGL4|x86.Build.0 = DebugGL4|Win32
		{F5EBFEEE-BEE7-4F6B-B835-29E95F90336D}.Release|x64.ActiveCfg = Release|x64
		{F5EBFEEE-BEE7-4F6B-B835-29E95F90336D}.Release|x64.Build.0 = Release|x64
		{F5EBFEEE-BEE7-4F6B-B835-29E95F90336D}.Release|x86.ActiveCfg = Release|Win32
		{F5EBFEEE-BEE7-4F6B-B835-29E95F90336D}.Release|x86.Build.0 = Release|Win32
		{F5EBFEEE-BEE7-4F6B-B835-29E95F90336D}.ReleaseGL4|x64.ActiveCfg = ReleaseGL4|x64
		{F5EBFEEE-BEE7-4F6B-B835-29E95F90336D}.ReleaseGL4|x64.Build.0 = ReleaseGL4|x64
		{F5EBFEEE-BEE7-4F6B-B835-29E95F90336D}.ReleaseGL4|x86.ActiveCfg = ReleaseGL4|Win32
		{F5EBFEEE-BEE7-4F6B-B835-29E95F90336D}.ReleaseGL4|x86.Build.0 = ReleaseGL4|Win32
		{43A54DE9-1F9B-4BC6-A7BC-C3FD13B2C829}.Debug|x64.ActiveCfg = Debug|x64
		{43A54DE9-1F9B-4BC6-A7BC-C3FD13B2C829}.Debug|x64.Build.0 = Debug|x64
		{43A54DE9-1F9B-4BC6-A7BC-C3FD13B2C829}.Debug|x86.ActiveCfg = Debug|Win32
		{43A54DE9-1F9B-4BC6-A7BC-C3FD13B2C829}.Debug|x86.Build.0 = Debug|Win32
		{43A54DE9-1F9B-4BC6-A7BC-C3FD13B2C829}.DebugGL4|x64.ActiveCfg = DebugGL4|x64
		{43A54DE9-1F9B-4BC6-A7BC-C3FD13B2C829}.DebugGL4|x64.Build.0 = DebugGL4|x64
		{43A54DE9-1F9B-4BC6-A7BC-C3FD13B2C829}.DebugGL4|x86.ActiveCfg = DebugGL4|Win32
		{43A54DE9-1F9B-4BC6-A7BC-C3FD13B2C829}.DebugGL4|x86.Build.0 = DebugGL4|Win32
		{43A54DE9-1F9B-4BC6-A7BC-C3FD13B2C829}.Release|x64.ActiveCfg = Release|x64
		{43A54DE9-1F9B-4BC6-A7BC-C3FD13B2C829}.Release|x64.Build.0 = Release|x64
		{43A54DE9-1F9B-4BC6-A7BC-C3FD13B2C829}.Release|x86.ActiveCfg = Release|Win32
		{43A54DE9-1F9B-4BC6-A7BC-C3FD13B2C829}.Release|x86.Build.0 = Release|Win32
		{43A54DE9-1F9B-4BC6-A7BC-C3FD13B2C829}.ReleaseGL4|x64.ActiveCfg = ReleaseGL4|x64
		{43A54DE9-1F9B-4BC6-A7BC-C3FD13B2C829}.ReleaseGL4|x64.Build.0 = ReleaseGL4|x64
		{43A54DE9-1F9B-4BC6-A7BC-C3FD13B2C829}.ReleaseGL4|x86.ActiveCfg = ReleaseGL4|Win32
		{43A54DE9-1F9B-4BC6-A7BC-C3FD13B2C829}.ReleaseGL4|x86.Build.0 = ReleaseGL4|Win32
	EndGlobalSection
	GlobalSection(SolutionProperties) = preSolution
		HideSolutionNode = FALSE
	EndGlobalSection
	GlobalSection(NestedProjects) = preSolution
		{43A54DE9-1F9B-4BC6-A7BC-C3FD13B2C829} = {A1BF32D8-D20F-498B-9AA4-F2C8A8C1DE0C}
	EndGlobalSection
	GlobalSection(ExtensibilityGlobals) = postSolution
		SolutionGuid = {CB93B21C-FC54-4B85-A908-58AA1122549B}
	EndGlobalSection
EndGlobal
